
Microsoft Visual Studio Solution File, Format Version 12.00
# Visual Studio Version 16
VisualStudioVersion = 16.0.31112.23
MinimumVisualStudioVersion = 10.0.40219.1
Project("{FAE04EC0-301F-11D3-BF4B-00C04F79EFBC}") = "CantinaOfBabel", "CantinaOfBabel\CantinaOfBabel.csproj", "{EE526C97-BCDF-4692-934E-25D59DDA7621}"
EndProject
Global
	GlobalSection(SolutionConfigurationPlatforms) = preSolution
		Debug|Any CPU = Debug|Any CPU
		Release|Any CPU = Release|Any CPU
	EndGlobalSection
	GlobalSection(ProjectConfigurationPlatforms) = postSolution
		{EE526C97-BCDF-4692-934E-25D59DDA7621}.Debug|Any CPU.ActiveCfg = Debug|Any CPU
		{EE526C97-BCDF-4692-934E-25D59DDA7621}.Debug|Any CPU.Build.0 = Debug|Any CPU
		{EE526C97-BCDF-4692-934E-25D59DDA7621}.Release|Any CPU.ActiveCfg = Release|Any CPU
		{EE526C97-BCDF-4692-934E-25D59DDA7621}.Release|Any CPU.Build.0 = Release|Any CPU
	EndGlobalSection
	GlobalSection(SolutionProperties) = preSolution
		HideSolutionNode = FALSE
	EndGlobalSection
	GlobalSection(ExtensibilityGlobals) = postSolution
		SolutionGuid = {6DE2E863-6AA9-4929-84A6-D7501DF9AC0C}
	EndGlobalSection
EndGlobal
