
Microsoft Visual Studio Solution File, Format Version 12.00
# Visual Studio Version 16
VisualStudioVersion = 16.0.29709.97
MinimumVisualStudioVersion = 10.0.40219.1
Project("{FAE04EC0-301F-11D3-BF4B-00C04F79EFBC}") = "Moving Pianos", "Moving Pianos\Moving Pianos.csproj", "{DA9EC4BB-4C22-49F3-8BA0-194CC542F65C}"
EndProject
Global
	GlobalSection(SolutionConfigurationPlatforms) = preSolution
		Debug|Any CPU = Debug|Any CPU
		Release|Any CPU = Release|Any CPU
	EndGlobalSection
	GlobalSection(ProjectConfigurationPlatforms) = postSolution
		{DA9EC4BB-4C22-49F3-8BA0-194CC542F65C}.Debug|Any CPU.ActiveCfg = Debug|Any CPU
		{DA9EC4BB-4C22-49F3-8BA0-194CC542F65C}.Debug|Any CPU.Build.0 = Debug|Any CPU
		{DA9EC4BB-4C22-49F3-8BA0-194CC542F65C}.Release|Any CPU.ActiveCfg = Release|Any CPU
		{DA9EC4BB-4C22-49F3-8BA0-194CC542F65C}.Release|Any CPU.Build.0 = Release|Any CPU
	EndGlobalSection
	GlobalSection(SolutionProperties) = preSolution
		HideSolutionNode = FALSE
	EndGlobalSection
	GlobalSection(ExtensibilityGlobals) = postSolution
		SolutionGuid = {78D98E18-A0EE-46E3-841E-7191E698B4B3}
	EndGlobalSection
EndGlobal
